PODS:
  - FrameAccessor (1.3.2)
  - SCITokenSearchField (1.0.7):
    - FrameAccessor (~> 1.0)

DEPENDENCIES:
  - SCITokenSearchField (from `.`)

EXTERNAL SOURCES:
  SCITokenSearchField:
    :path: .

SPEC CHECKSUMS:
  FrameAccessor: 0f7ba6ce37be9a5d0302a27c731dca70af8d438b
  SCITokenSearchField: 3a05f33e2d574acb96c09770958e2c7e6f91c8ee

COCOAPODS: 0.38.0
