PODS:
  - FrameAccessor (1.3.2)
  - SCITokenSearchField (1.0.9):
    - FrameAccessor (~> 1.0)

DEPENDENCIES:
  - SCITokenSearchField (from `.`)

SPEC REPOS:
  https://github.com/cocoapods/specs.git:
    - FrameAccessor

EXTERNAL SOURCES:
  SCITokenSearchField:
    :path: "."

SPEC CHECKSUMS:
  FrameAccessor: 0f7ba6ce37be9a5d0302a27c731dca70af8d438b
  SCITokenSearchField: 7412fca6fe77d7e8e9ef83a4f217dcd4674a26a5

PODFILE CHECKSUM: 97303cf905b8643b44bb365393b153f66ed3f09a

COCOAPODS: 1.5.3
