// !$*UTF8*$!
{
	archiveVersion = 1;
	classes = {
	};
	objectVersion = 46;
	objects = {

/* Begin PBXBuildFile section */
		37B2DE1F50499D5D99759B6F /* libPods-SCITokenSearchFieldExample.a in Frameworks */ = {isa = PBXBuildFile; fileRef = F6F7824EE9C8F78B8ED88841 /* libPods-SCITokenSearchFieldExample.a */; };
		43146B4E19E7FDB0007325A8 /* main.m in Sources */ = {isa = PBXBuildFile; fileRef = 43146B4D19E7FDB0007325A8 /* main.m */; };
		43146B5119E7FDB0007325A8 /* AppDelegate.m in Sources */ = {isa = PBXBuildFile; fileRef = 43146B5019E7FDB0007325A8 /* AppDelegate.m */; };
		43146B5419E7FDB0007325A8 /* ViewController.m in Sources */ = {isa = PBXBuildFile; fileRef = 43146B5319E7FDB0007325A8 /* ViewController.m */; };
		43146B5719E7FDB0007325A8 /* Main.storyboard in Resources */ = {isa = PBXBuildFile; fileRef = 43146B5519E7FDB0007325A8 /* Main.storyboard */; };
		43146B5919E7FDB0007325A8 /* Images.xcassets in Resources */ = {isa = PBXBuildFile; fileRef = 43146B5819E7FDB0007325A8 /* Images.xcassets */; };
		43146B5C19E7FDB0007325A8 /* LaunchScreen.xib in Resources */ = {isa = PBXBuildFile; fileRef = 43146B5A19E7FDB0007325A8 /* LaunchScreen.xib */; };
		43146B6819E7FDB0007325A8 /* SCITokenSearchFieldExampleTests.m in Sources */ = {isa = PBXBuildFile; fileRef = 43146B6719E7FDB0007325A8 /* SCITokenSearchFieldExampleTests.m */; };
/* End PBXBuildFile section */

/* Begin PBXContainerItemProxy section */
		43146B6219E7FDB0007325A8 /* PBXContainerItemProxy */ = {
			isa = PBXContainerItemProxy;
			containerPortal = 43146B4019E7FDB0007325A8 /* Project object */;
			proxyType = 1;
			remoteGlobalIDString = 43146B4719E7FDB0007325A8;
			remoteInfo = SCITokenSearchFieldExample;
		};
/* End PBXContainerItemProxy section */

/* Begin PBXFileReference section */
		0CB98FA5D6068E948150DF1D /* Pods-SCITokenSearchFieldExample.debug.xcconfig */ = {isa = PBXFileReference; includeInIndex = 1; lastKnownFileType = text.xcconfig; name = "Pods-SCITokenSearchFieldExample.debug.xcconfig"; path = "Pods/Target Support Files/Pods-SCITokenSearchFieldExample/Pods-SCITokenSearchFieldExample.debug.xcconfig"; sourceTree = "<group>"; };
		43146B4819E7FDB0007325A8 /* SCITokenSearchFieldExample.app */ = {isa = PBXFileReference; explicitFileType = wrapper.application; includeInIndex = 0; path = SCITokenSearchFieldExample.app; sourceTree = BUILT_PRODUCTS_DIR; };
		43146B4C19E7FDB0007325A8 /* Info.plist */ = {isa = PBXFileReference; lastKnownFileType = text.plist.xml; path = Info.plist; sourceTree = "<group>"; };
		43146B4D19E7FDB0007325A8 /* main.m */ = {isa = PBXFileReference; lastKnownFileType = sourcecode.c.objc; path = main.m; sourceTree = "<group>"; };
		43146B4F19E7FDB0007325A8 /* AppDelegate.h */ = {isa = PBXFileReference; lastKnownFileType = sourcecode.c.h; path = AppDelegate.h; sourceTree = "<group>"; };
		43146B5019E7FDB0007325A8 /* AppDelegate.m */ = {isa = PBXFileReference; lastKnownFileType = sourcecode.c.objc; path = AppDelegate.m; sourceTree = "<group>"; };
		43146B5219E7FDB0007325A8 /* ViewController.h */ = {isa = PBXFileReference; lastKnownFileType = sourcecode.c.h; path = ViewController.h; sourceTree = "<group>"; };
		43146B5319E7FDB0007325A8 /* ViewController.m */ = {isa = PBXFileReference; lastKnownFileType = sourcecode.c.objc; path = ViewController.m; sourceTree = "<group>"; };
		43146B5619E7FDB0007325A8 /* Base */ = {isa = PBXFileReference; lastKnownFileType = file.storyboard; name = Base; path = Base.lproj/Main.storyboard; sourceTree = "<group>"; };
		43146B5819E7FDB0007325A8 /* Images.xcassets */ = {isa = PBXFileReference; lastKnownFileType = folder.assetcatalog; path = Images.xcassets; sourceTree = "<group>"; };
		43146B5B19E7FDB0007325A8 /* Base */ = {isa = PBXFileReference; lastKnownFileType = file.xib; name = Base; path = Base.lproj/LaunchScreen.xib; sourceTree = "<group>"; };
		43146B6119E7FDB0007325A8 /* SCITokenSearchFieldExampleTests.xctest */ = {isa = PBXFileReference; explicitFileType = wrapper.cfbundle; includeInIndex = 0; path = SCITokenSearchFieldExampleTests.xctest; sourceTree = BUILT_PRODUCTS_DIR; };
		43146B6619E7FDB0007325A8 /* Info.plist */ = {isa = PBXFileReference; lastKnownFileType = text.plist.xml; path = Info.plist; sourceTree = "<group>"; };
		43146B6719E7FDB0007325A8 /* SCITokenSearchFieldExampleTests.m */ = {isa = PBXFileReference; lastKnownFileType = sourcecode.c.objc; path = SCITokenSearchFieldExampleTests.m; sourceTree = "<group>"; };
		F6F7824EE9C8F78B8ED88841 /* libPods-SCITokenSearchFieldExample.a */ = {isa = PBXFileReference; explicitFileType = archive.ar; includeInIndex = 0; path = "libPods-SCITokenSearchFieldExample.a"; sourceTree = BUILT_PRODUCTS_DIR; };
		FC39AFECF03C02730C8EE250 /* Pods-SCITokenSearchFieldExample.release.xcconfig */ = {isa = PBXFileReference; includeInIndex = 1; lastKnownFileType = text.xcconfig; name = "Pods-SCITokenSearchFieldExample.release.xcconfig"; path = "Pods/Target Support Files/Pods-SCITokenSearchFieldExample/Pods-SCITokenSearchFieldExample.release.xcconfig"; sourceTree = "<group>"; };
/* End PBXFileReference section */

/* Begin PBXFrameworksBuildPhase section */
		43146B4519E7FDB0007325A8 /* Frameworks */ = {
			isa = PBXFrameworksBuildPhase;
			buildActionMask = 2147483647;
			files = (
				37B2DE1F50499D5D99759B6F /* libPods-SCITokenSearchFieldExample.a in Frameworks */,
			);
			runOnlyForDeploymentPostprocessing = 0;
		};
		43146B5E19E7FDB0007325A8 /* Frameworks */ = {
			isa = PBXFrameworksBuildPhase;
			buildActionMask = 2147483647;
			files = (
			);
			runOnlyForDeploymentPostprocessing = 0;
		};
/* End PBXFrameworksBuildPhase section */

/* Begin PBXGroup section */
		3DA14A3850BEC02B35C8AEDC /* Pods */ = {
			isa = PBXGroup;
			children = (
				0CB98FA5D6068E948150DF1D /* Pods-SCITokenSearchFieldExample.debug.xcconfig */,
				FC39AFECF03C02730C8EE250 /* Pods-SCITokenSearchFieldExample.release.xcconfig */,
			);
			name = Pods;
			sourceTree = "<group>";
		};
		43146B3F19E7FDB0007325A8 = {
			isa = PBXGroup;
			children = (
				43146B4A19E7FDB0007325A8 /* SCITokenSearchFieldExample */,
				43146B6419E7FDB0007325A8 /* SCITokenSearchFieldExampleTests */,
				43146B4919E7FDB0007325A8 /* Products */,
				3DA14A3850BEC02B35C8AEDC /* Pods */,
				6C7FE481565D60C8BDE37D1C /* Frameworks */,
			);
			sourceTree = "<group>";
		};
		43146B4919E7FDB0007325A8 /* Products */ = {
			isa = PBXGroup;
			children = (
				43146B4819E7FDB0007325A8 /* SCITokenSearchFieldExample.app */,
				43146B6119E7FDB0007325A8 /* SCITokenSearchFieldExampleTests.xctest */,
			);
			name = Products;
			sourceTree = "<group>";
		};
		43146B4A19E7FDB0007325A8 /* SCITokenSearchFieldExample */ = {
			isa = PBXGroup;
			children = (
				43146B4F19E7FDB0007325A8 /* AppDelegate.h */,
				43146B5019E7FDB0007325A8 /* AppDelegate.m */,
				43146B5219E7FDB0007325A8 /* ViewController.h */,
				43146B5319E7FDB0007325A8 /* ViewController.m */,
				43146B5519E7FDB0007325A8 /* Main.storyboard */,
				43146B5819E7FDB0007325A8 /* Images.xcassets */,
				43146B5A19E7FDB0007325A8 /* LaunchScreen.xib */,
				43146B4B19E7FDB0007325A8 /* Supporting Files */,
			);
			path = SCITokenSearchFieldExample;
			sourceTree = "<group>";
		};
		43146B4B19E7FDB0007325A8 /* Supporting Files */ = {
			isa = PBXGroup;
			children = (
				43146B4C19E7FDB0007325A8 /* Info.plist */,
				43146B4D19E7FDB0007325A8 /* main.m */,
			);
			name = "Supporting Files";
			sourceTree = "<group>";
		};
		43146B6419E7FDB0007325A8 /* SCITokenSearchFieldExampleTests */ = {
			isa = PBXGroup;
			children = (
				43146B6719E7FDB0007325A8 /* SCITokenSearchFieldExampleTests.m */,
				43146B6519E7FDB0007325A8 /* Supporting Files */,
			);
			path = SCITokenSearchFieldExampleTests;
			sourceTree = "<group>";
		};
		43146B6519E7FDB0007325A8 /* Supporting Files */ = {
			isa = PBXGroup;
			children = (
				43146B6619E7FDB0007325A8 /* Info.plist */,
			);
			name = "Supporting Files";
			sourceTree = "<group>";
		};
		6C7FE481565D60C8BDE37D1C /* Frameworks */ = {
			isa = PBXGroup;
			children = (
				F6F7824EE9C8F78B8ED88841 /* libPods-SCITokenSearchFieldExample.a */,
			);
			name = Frameworks;
			sourceTree = "<group>";
		};
/* End PBXGroup section */

/* Begin PBXNativeTarget section */
		43146B4719E7FDB0007325A8 /* SCITokenSearchFieldExample */ = {
			isa = PBXNativeTarget;
			buildConfigurationList = 43146B6B19E7FDB0007325A8 /* Build configuration list for PBXNativeTarget "SCITokenSearchFieldExample" */;
			buildPhases = (
				7DEA59AD7220A6310FD5AF72 /* Check Pods Manifest.lock */,
				43146B4419E7FDB0007325A8 /* Sources */,
				43146B4519E7FDB0007325A8 /* Frameworks */,
				43146B4619E7FDB0007325A8 /* Resources */,
				3765A3178FDADD6B6245C140 /* Copy Pods Resources */,
			);
			buildRules = (
			);
			dependencies = (
			);
			name = SCITokenSearchFieldExample;
			productName = SCITokenSearchFieldExample;
			productReference = 43146B4819E7FDB0007325A8 /* SCITokenSearchFieldExample.app */;
			productType = "com.apple.product-type.application";
		};
		43146B6019E7FDB0007325A8 /* SCITokenSearchFieldExampleTests */ = {
			isa = PBXNativeTarget;
			buildConfigurationList = 43146B6E19E7FDB0007325A8 /* Build configuration list for PBXNativeTarget "SCITokenSearchFieldExampleTests" */;
			buildPhases = (
				43146B5D19E7FDB0007325A8 /* Sources */,
				43146B5E19E7FDB0007325A8 /* Frameworks */,
				43146B5F19E7FDB0007325A8 /* Resources */,
			);
			buildRules = (
			);
			dependencies = (
				43146B6319E7FDB0007325A8 /* PBXTargetDependency */,
			);
			name = SCITokenSearchFieldExampleTests;
			productName = SCITokenSearchFieldExampleTests;
			productReference = 43146B6119E7FDB0007325A8 /* SCITokenSearchFieldExampleTests.xctest */;
			productType = "com.apple.product-type.bundle.unit-test";
		};
/* End PBXNativeTarget section */

/* Begin PBXProject section */
		43146B4019E7FDB0007325A8 /* Project object */ = {
			isa = PBXProject;
			attributes = {
				LastUpgradeCheck = 0600;
				ORGANIZATIONNAME = scireum;
				TargetAttributes = {
					43146B4719E7FDB0007325A8 = {
						CreatedOnToolsVersion = 6.0.1;
					};
					43146B6019E7FDB0007325A8 = {
						CreatedOnToolsVersion = 6.0.1;
						TestTargetID = 43146B4719E7FDB0007325A8;
					};
				};
			};
			buildConfigurationList = 43146B4319E7FDB0007325A8 /* Build configuration list for PBXProject "SCITokenSearchField" */;
			compatibilityVersion = "Xcode 3.2";
			developmentRegion = English;
			hasScannedForEncodings = 0;
			knownRegions = (
				en,
				Base,
			);
			mainGroup = 43146B3F19E7FDB0007325A8;
			productRefGroup = 43146B4919E7FDB0007325A8 /* Products */;
			projectDirPath = "";
			projectRoot = "";
			targets = (
				43146B4719E7FDB0007325A8 /* SCITokenSearchFieldExample */,
				43146B6019E7FDB0007325A8 /* SCITokenSearchFieldExampleTests */,
			);
		};
/* End PBXProject section */

/* Begin PBXResourcesBuildPhase section */
		43146B4619E7FDB0007325A8 /* Resources */ = {
			isa = PBXResourcesBuildPhase;
			buildActionMask = 2147483647;
			files = (
				43146B5719E7FDB0007325A8 /* Main.storyboard in Resources */,
				43146B5C19E7FDB0007325A8 /* LaunchScreen.xib in Resources */,
				43146B5919E7FDB0007325A8 /* Images.xcassets in Resources */,
			);
			runOnlyForDeploymentPostprocessing = 0;
		};
		43146B5F19E7FDB0007325A8 /* Resources */ = {
			isa = PBXResourcesBuildPhase;
			buildActionMask = 2147483647;
			files = (
			);
			runOnlyForDeploymentPostprocessing = 0;
		};
/* End PBXResourcesBuildPhase section */

/* Begin PBXShellScriptBuildPhase section */
		3765A3178FDADD6B6245C140 /* Copy Pods Resources */ = {
			isa = PBXShellScriptBuildPhase;
			buildActionMask = 2147483647;
			files = (
			);
			inputPaths = (
			);
			name = "Copy Pods Resources";
			outputPaths = (
			);
			runOnlyForDeploymentPostprocessing = 0;
			shellPath = /bin/sh;
			shellScript = "\"${SRCROOT}/Pods/Target Support Files/Pods-SCITokenSearchFieldExample/Pods-SCITokenSearchFieldExample-resources.sh\"\n";
			showEnvVarsInLog = 0;
		};
		7DEA59AD7220A6310FD5AF72 /* Check Pods Manifest.lock */ = {
			isa = PBXShellScriptBuildPhase;
			buildActionMask = 2147483647;
			files = (
			);
			inputPaths = (
			);
			name = "Check Pods Manifest.lock";
			outputPaths = (
			);
			runOnlyForDeploymentPostprocessing = 0;
			shellPath = /bin/sh;
			shellScript = "diff \"${PODS_ROOT}/../Podfile.lock\" \"${PODS_ROOT}/Manifest.lock\" > /dev/null\nif [[ $? != 0 ]] ; then\n    cat << EOM\nerror: The sandbox is not in sync with the Podfile.lock. Run 'pod install' or update your CocoaPods installation.\nEOM\n    exit 1\nfi\n";
			showEnvVarsInLog = 0;
		};
/* End PBXShellScriptBuildPhase section */

/* Begin PBXSourcesBuildPhase section */
		43146B4419E7FDB0007325A8 /* Sources */ = {
			isa = PBXSourcesBuildPhase;
			buildActionMask = 2147483647;
			files = (
				43146B5419E7FDB0007325A8 /* ViewController.m in Sources */,
				43146B5119E7FDB0007325A8 /* AppDelegate.m in Sources */,
				43146B4E19E7FDB0007325A8 /* main.m in Sources */,
			);
			runOnlyForDeploymentPostprocessing = 0;
		};
		43146B5D19E7FDB0007325A8 /* Sources */ = {
			isa = PBXSourcesBuildPhase;
			buildActionMask = 2147483647;
			files = (
				43146B6819E7FDB0007325A8 /* SCITokenSearchFieldExampleTests.m in Sources */,
			);
			runOnlyForDeploymentPostprocessing = 0;
		};
/* End PBXSourcesBuildPhase section */

/* Begin PBXTargetDependency section */
		43146B6319E7FDB0007325A8 /* PBXTargetDependency */ = {
			isa = PBXTargetDependency;
			target = 43146B4719E7FDB0007325A8 /* SCITokenSearchFieldExample */;
			targetProxy = 43146B6219E7FDB0007325A8 /* PBXContainerItemProxy */;
		};
/* End PBXTargetDependency section */

/* Begin PBXVariantGroup section */
		43146B5519E7FDB0007325A8 /* Main.storyboard */ = {
			isa = PBXVariantGroup;
			children = (
				43146B5619E7FDB0007325A8 /* Base */,
			);
			name = Main.storyboard;
			sourceTree = "<group>";
		};
		43146B5A19E7FDB0007325A8 /* LaunchScreen.xib */ = {
			isa = PBXVariantGroup;
			children = (
				43146B5B19E7FDB0007325A8 /* Base */,
			);
			name = LaunchScreen.xib;
			sourceTree = "<group>";
		};
/* End PBXVariantGroup section */

/* Begin XCBuildConfiguration section */
		43146B6919E7FDB0007325A8 /* Debug */ = {
			isa = XCBuildConfiguration;
			buildSettings = {
				ALWAYS_SEARCH_USER_PATHS = NO;
				CLANG_CXX_LANGUAGE_STANDARD = "gnu++0x";
				CLANG_CXX_LIBRARY = "libc++";
				CLANG_ENABLE_MODULES = YES;
				CLANG_ENABLE_OBJC_ARC = YES;
				CLANG_WARN_BOOL_CONVERSION = YES;
				CLANG_WARN_CONSTANT_CONVERSION = YES;
				CLANG_WARN_DIRECT_OBJC_ISA_USAGE = YES_ERROR;
				CLANG_WARN_EMPTY_BODY = YES;
				CLANG_WARN_ENUM_CONVERSION = YES;
				CLANG_WARN_INT_CONVERSION = YES;
				CLANG_WARN_OBJC_ROOT_CLASS = YES_ERROR;
				CLANG_WARN_UNREACHABLE_CODE = YES;
				CLANG_WARN__DUPLICATE_METHOD_MATCH = YES;
				"CODE_SIGN_IDENTITY[sdk=iphoneos*]" = "iPhone Developer";
				COPY_PHASE_STRIP = NO;
				ENABLE_STRICT_OBJC_MSGSEND = YES;
				GCC_C_LANGUAGE_STANDARD = gnu99;
				GCC_DYNAMIC_NO_PIC = NO;
				GCC_OPTIMIZATION_LEVEL = 0;
				GCC_PREPROCESSOR_DEFINITIONS = (
					"DEBUG=1",
					"$(inherited)",
				);
				GCC_SYMBOLS_PRIVATE_EXTERN = NO;
				GCC_WARN_64_TO_32_BIT_CONVERSION = YES;
				GCC_WARN_ABOUT_RETURN_TYPE = YES_ERROR;
				GCC_WARN_UNDECLARED_SELECTOR = YES;
				GCC_WARN_UNINITIALIZED_AUTOS = YES_AGGRESSIVE;
				GCC_WARN_UNUSED_FUNCTION = YES;
				GCC_WARN_UNUSED_VARIABLE = YES;
				IPHONEOS_DEPLOYMENT_TARGET = 8.0;
				MTL_ENABLE_DEBUG_INFO = YES;
				ONLY_ACTIVE_ARCH = YES;
				SDKROOT = iphoneos;
				TARGETED_DEVICE_FAMILY = "1,2";
			};
			name = Debug;
		};
		43146B6A19E7FDB0007325A8 /* Release */ = {
			isa = XCBuildConfiguration;
			buildSettings = {
				ALWAYS_SEARCH_USER_PATHS = NO;
				CLANG_CXX_LANGUAGE_STANDARD = "gnu++0x";
				CLANG_CXX_LIBRARY = "libc++";
				CLANG_ENABLE_MODULES = YES;
				CLANG_ENABLE_OBJC_ARC = YES;
				CLANG_WARN_BOOL_CONVERSION = YES;
				CLANG_WARN_CONSTANT_CONVERSION = YES;
				CLANG_WARN_DIRECT_OBJC_ISA_USAGE = YES_ERROR;
				CLANG_WARN_EMPTY_BODY = YES;
				CLANG_WARN_ENUM_CONVERSION = YES;
				CLANG_WARN_INT_CONVERSION = YES;
				CLANG_WARN_OBJC_ROOT_CLASS = YES_ERROR;
				CLANG_WARN_UNREACHABLE_CODE = YES;
				CLANG_WARN__DUPLICATE_METHOD_MATCH = YES;
				"CODE_SIGN_IDENTITY[sdk=iphoneos*]" = "iPhone Developer";
				COPY_PHASE_STRIP = YES;
				ENABLE_NS_ASSERTIONS = NO;
				ENABLE_STRICT_OBJC_MSGSEND = YES;
				GCC_C_LANGUAGE_STANDARD = gnu99;
				GCC_WARN_64_TO_32_BIT_CONVERSION = YES;
				GCC_WARN_ABOUT_RETURN_TYPE = YES_ERROR;
				GCC_WARN_UNDECLARED_SELECTOR = YES;
				GCC_WARN_UNINITIALIZED_AUTOS = YES_AGGRESSIVE;
				GCC_WARN_UNUSED_FUNCTION = YES;
				GCC_WARN_UNUSED_VARIABLE = YES;
				IPHONEOS_DEPLOYMENT_TARGET = 8.0;
				MTL_ENABLE_DEBUG_INFO = NO;
				SDKROOT = iphoneos;
				TARGETED_DEVICE_FAMILY = "1,2";
				VALIDATE_PRODUCT = YES;
			};
			name = Release;
		};
		43146B6C19E7FDB0007325A8 /* Debug */ = {
			isa = XCBuildConfiguration;
			baseConfigurationReference = 0CB98FA5D6068E948150DF1D /* Pods-SCITokenSearchFieldExample.debug.xcconfig */;
			buildSettings = {
				ASSETCATALOG_COMPILER_APPICON_NAME = AppIcon;
				INFOPLIST_FILE = SCITokenSearchFieldExample/Info.plist;
				LD_RUNPATH_SEARCH_PATHS = "$(inherited) @executable_path/Frameworks";
				PRODUCT_NAME = "$(TARGET_NAME)";
				USER_HEADER_SEARCH_PATHS = "\"${PROJECT_DIR}/Pods\"/**";
			};
			name = Debug;
		};
		43146B6D19E7FDB0007325A8 /* Release */ = {
			isa = XCBuildConfiguration;
			baseConfigurationReference = FC39AFECF03C02730C8EE250 /* Pods-SCITokenSearchFieldExample.release.xcconfig */;
			buildSettings = {
				ASSETCATALOG_COMPILER_APPICON_NAME = AppIcon;
				INFOPLIST_FILE = SCITokenSearchFieldExample/Info.plist;
				LD_RUNPATH_SEARCH_PATHS = "$(inherited) @executable_path/Frameworks";
				PRODUCT_NAME = "$(TARGET_NAME)";
				USER_HEADER_SEARCH_PATHS = "\"${PROJECT_DIR}/Pods\"/**";
			};
			name = Release;
		};
		43146B6F19E7FDB0007325A8 /* Debug */ = {
			isa = XCBuildConfiguration;
			buildSettings = {
				BUNDLE_LOADER = "$(TEST_HOST)";
				FRAMEWORK_SEARCH_PATHS = (
					"$(SDKROOT)/Developer/Library/Frameworks",
					"$(inherited)",
				);
				GCC_PREPROCESSOR_DEFINITIONS = (
					"DEBUG=1",
					"$(inherited)",
				);
				INFOPLIST_FILE = SCITokenSearchFieldExampleTests/Info.plist;
				LD_RUNPATH_SEARCH_PATHS = "$(inherited) @executable_path/Frameworks @loader_path/Frameworks";
				PRODUCT_NAME = "$(TARGET_NAME)";
				TEST_HOST = "$(BUILT_PRODUCTS_DIR)/SCITokenSearchFieldExample.app/SCITokenSearchFieldExample";
			};
			name = Debug;
		};
		43146B7019E7FDB0007325A8 /* Release */ = {
			isa = XCBuildConfiguration;
			buildSettings = {
				BUNDLE_LOADER = "$(TEST_HOST)";
				FRAMEWORK_SEARCH_PATHS = (
					"$(SDKROOT)/Developer/Library/Frameworks",
					"$(inherited)",
				);
				INFOPLIST_FILE = SCITokenSearchFieldExampleTests/Info.plist;
				LD_RUNPATH_SEARCH_PATHS = "$(inherited) @executable_path/Frameworks @loader_path/Frameworks";
				PRODUCT_NAME = "$(TARGET_NAME)";
				TEST_HOST = "$(BUILT_PRODUCTS_DIR)/SCITokenSearchFieldExample.app/SCITokenSearchFieldExample";
			};
			name = Release;
		};
/* End XCBuildConfiguration section */

/* Begin XCConfigurationList section */
		43146B4319E7FDB0007325A8 /* Build configuration list for PBXProject "SCITokenSearchField" */ = {
			isa = XCConfigurationList;
			buildConfigurations = (
				43146B6919E7FDB0007325A8 /* Debug */,
				43146B6A19E7FDB0007325A8 /* Release */,
			);
			defaultConfigurationIsVisible = 0;
			defaultConfigurationName = Release;
		};
		43146B6B19E7FDB0007325A8 /* Build configuration list for PBXNativeTarget "SCITokenSearchFieldExample" */ = {
			isa = XCConfigurationList;
			buildConfigurations = (
				43146B6C19E7FDB0007325A8 /* Debug */,
				43146B6D19E7FDB0007325A8 /* Release */,
			);
			defaultConfigurationIsVisible = 0;
			defaultConfigurationName = Release;
		};
		43146B6E19E7FDB0007325A8 /* Build configuration list for PBXNativeTarget "SCITokenSearchFieldExampleTests" */ = {
			isa = XCConfigurationList;
			buildConfigurations = (
				43146B6F19E7FDB0007325A8 /* Debug */,
				43146B7019E7FDB0007325A8 /* Release */,
			);
			defaultConfigurationIsVisible = 0;
			defaultConfigurationName = Release;
		};
/* End XCConfigurationList section */
	};
	rootObject = 43146B4019E7FDB0007325A8 /* Project object */;
}
